// !$*UTF8*$!
{
	archiveVersion = 1;
	classes = {
	};
	objectVersion = 55;
	objects = {

/* Begin PBXBuildFile section */
		80009D522834E4A600140399 /* main.cpp in Sources */ = {isa = PBXBuildFile; fileRef = 80009D512834E4A600140399 /* main.cpp */; };
		80009D622834EE5D00140399 /* directory.cpp in Sources */ = {isa = PBXBuildFile; fileRef = 80009D602834EE5D00140399 /* directory.cpp */; };
		80009D652834EEB700140399 /* file.cpp in Sources */ = {isa = PBXBuildFile; fileRef = 80009D632834EEB700140399 /* file.cpp */; };
		80009D682835758F00140399 /* buster.cpp in Sources */ = {isa = PBXBuildFile; fileRef = 80009D662835758F00140399 /* buster.cpp */; };
/* End PBXBuildFile section */

/* Begin PBXCopyFilesBuildPhase section */
		80009D4C2834E4A600140399 /* CopyFiles */ = {
			isa = PBXCopyFilesBuildPhase;
			buildActionMask = 2147483647;
			dstPath = /usr/share/man/man1/;
			dstSubfolderSpec = 0;
			files = (
			);
			runOnlyForDeploymentPostprocessing = 1;
		};
/* End PBXCopyFilesBuildPhase section */

/* Begin PBXFileReference section */
		80009D4E2834E4A600140399 /* cacheBuster */ = {isa = PBXFileReference; explicitFileType = "compiled.mach-o.executable"; includeInIndex = 0; path = cacheBuster; sourceTree = BUILT_PRODUCTS_DIR; };
		80009D512834E4A600140399 /* main.cpp */ = {isa = PBXFileReference; indentWidth = 2; lastKnownFileType = sourcecode.cpp.cpp; path = main.cpp; sourceTree = "<group>"; tabWidth = 2; };
		80009D602834EE5D00140399 /* directory.cpp */ = {isa = PBXFileReference; indentWidth = 2; lastKnownFileType = sourcecode.cpp.cpp; path = directory.cpp; sourceTree = "<group>"; tabWidth = 2; usesTabs = 0; };
		80009D612834EE5D00140399 /* directory.hpp */ = {isa = PBXFileReference; indentWidth = 2; lastKnownFileType = sourcecode.cpp.h; path = directory.hpp; sourceTree = "<group>"; tabWidth = 2; };
		80009D632834EEB700140399 /* file.cpp */ = {isa = PBXFileReference; indentWidth = 2; lastKnownFileType = sourcecode.cpp.cpp; path = file.cpp; sourceTree = "<group>"; tabWidth = 2; usesTabs = 0; };
		80009D642834EEB700140399 /* file.hpp */ = {isa = PBXFileReference; indentWidth = 2; lastKnownFileType = sourcecode.cpp.h; path = file.hpp; sourceTree = "<group>"; tabWidth = 2; usesTabs = 0; };
		80009D662835758F00140399 /* buster.cpp */ = {isa = PBXFileReference; lastKnownFileType = sourcecode.cpp.cpp; path = buster.cpp; sourceTree = "<group>"; };
		80009D672835758F00140399 /* buster.hpp */ = {isa = PBXFileReference; lastKnownFileType = sourcecode.cpp.h; path = buster.hpp; sourceTree = "<group>"; };
		80009D692835955400140399 /* params.hpp */ = {isa = PBXFileReference; lastKnownFileType = sourcecode.cpp.h; path = params.hpp; sourceTree = "<group>"; };
/* End PBXFileReference section */

/* Begin PBXFrameworksBuildPhase section */
		80009D4B2834E4A600140399 /* Frameworks */ = {
			isa = PBXFrameworksBuildPhase;
			buildActionMask = 2147483647;
			files = (
			);
			runOnlyForDeploymentPostprocessing = 0;
		};
/* End PBXFrameworksBuildPhase section */

/* Begin PBXGroup section */
		80009D452834E4A600140399 = {
			isa = PBXGroup;
			children = (
				80009D502834E4A600140399 /* cacheBuster */,
				80009D4F2834E4A600140399 /* Products */,
			);
			sourceTree = "<group>";
		};
		80009D4F2834E4A600140399 /* Products */ = {
			isa = PBXGroup;
			children = (
				80009D4E2834E4A600140399 /* cacheBuster */,
			);
			name = Products;
			sourceTree = "<group>";
		};
		80009D502834E4A600140399 /* cacheBuster */ = {
			isa = PBXGroup;
			children = (
				80009D5D2834EE0000140399 /* src */,
				80009D5C2834EDF800140399 /* include */,
				80009D512834E4A600140399 /* main.cpp */,
			);
			path = cacheBuster;
			sourceTree = "<group>";
		};
		80009D5C2834EDF800140399 /* include */ = {
			isa = PBXGroup;
			children = (
				80009D672835758F00140399 /* buster.hpp */,
				80009D642834EEB700140399 /* file.hpp */,
				80009D612834EE5D00140399 /* directory.hpp */,
				80009D692835955400140399 /* params.hpp */,
			);
			path = include;
			sourceTree = "<group>";
		};
		80009D5D2834EE0000140399 /* src */ = {
			isa = PBXGroup;
			children = (
				80009D602834EE5D00140399 /* directory.cpp */,
				80009D632834EEB700140399 /* file.cpp */,
				80009D662835758F00140399 /* buster.cpp */,
			);
			path = src;
			sourceTree = "<group>";
		};
/* End PBXGroup section */

/* Begin PBXNativeTarget section */
		80009D4D2834E4A600140399 /* cacheBuster */ = {
			isa = PBXNativeTarget;
			buildConfigurationList = 80009D552834E4A600140399 /* Build configuration list for PBXNativeTarget "cacheBuster" */;
			buildPhases = (
				80009D4A2834E4A600140399 /* Sources */,
				80009D4B2834E4A600140399 /* Frameworks */,
				80009D4C2834E4A600140399 /* CopyFiles */,
			);
			buildRules = (
			);
			dependencies = (
			);
			name = cacheBuster;
			productName = cacheBuster;
			productReference = 80009D4E2834E4A600140399 /* cacheBuster */;
			productType = "com.apple.product-type.tool";
		};
/* End PBXNativeTarget section */

/* Begin PBXProject section */
		80009D462834E4A600140399 /* Project object */ = {
			isa = PBXProject;
			attributes = {
				BuildIndependentTargetsInParallel = 1;
				LastUpgradeCheck = 1340;
				TargetAttributes = {
					80009D4D2834E4A600140399 = {
						CreatedOnToolsVersion = 13.4;
					};
				};
			};
			buildConfigurationList = 80009D492834E4A600140399 /* Build configuration list for PBXProject "cacheBuster" */;
			compatibilityVersion = "Xcode 13.0";
			developmentRegion = en;
			hasScannedForEncodings = 0;
			knownRegions = (
				en,
				Base,
			);
			mainGroup = 80009D452834E4A600140399;
			productRefGroup = 80009D4F2834E4A600140399 /* Products */;
			projectDirPath = "";
			projectRoot = "";
			targets = (
				80009D4D2834E4A600140399 /* cacheBuster */,
			);
		};
/* End PBXProject section */

/* Begin PBXSourcesBuildPhase section */
		80009D4A2834E4A600140399 /* Sources */ = {
			isa = PBXSourcesBuildPhase;
			buildActionMask = 2147483647;
			files = (
				80009D682835758F00140399 /* buster.cpp in Sources */,
				80009D522834E4A600140399 /* main.cpp in Sources */,
				80009D622834EE5D00140399 /* directory.cpp in Sources */,
				80009D652834EEB700140399 /* file.cpp in Sources */,
			);
			runOnlyForDeploymentPostprocessing = 0;
		};
/* End PBXSourcesBuildPhase section */

/* Begin XCBuildConfiguration section */
		80009D532834E4A600140399 /* Debug */ = {
			isa = XCBuildConfiguration;
			buildSettings = {
				ALWAYS_SEARCH_USER_PATHS = NO;
				CLANG_ANALYZER_NONNULL = YES;
				CLANG_ANALYZER_NUMBER_OBJECT_CONVERSION = YES_AGGRESSIVE;
				CLANG_CXX_LANGUAGE_STANDARD = "gnu++17";
				CLANG_ENABLE_MODULES = YES;
				CLANG_ENABLE_OBJC_ARC = YES;
				CLANG_ENABLE_OBJC_WEAK = YES;
				CLANG_WARN_BLOCK_CAPTURE_AUTORELEASING = YES;
				CLANG_WARN_BOOL_CONVERSION = YES;
				CLANG_WARN_COMMA = YES;
				CLANG_WARN_CONSTANT_CONVERSION = YES;
				CLANG_WARN_DEPRECATED_OBJC_IMPLEMENTATIONS = YES;
				CLANG_WARN_DIRECT_OBJC_ISA_USAGE = YES_ERROR;
				CLANG_WARN_DOCUMENTATION_COMMENTS = YES;
				CLANG_WARN_EMPTY_BODY = YES;
				CLANG_WARN_ENUM_CONVERSION = YES;
				CLANG_WARN_INFINITE_RECURSION = YES;
				CLANG_WARN_INT_CONVERSION = YES;
				CLANG_WARN_NON_LITERAL_NULL_CONVERSION = YES;
				CLANG_WARN_OBJC_IMPLICIT_RETAIN_SELF = YES;
				CLANG_WARN_OBJC_LITERAL_CONVERSION = YES;
				CLANG_WARN_OBJC_ROOT_CLASS = YES_ERROR;
				CLANG_WARN_QUOTED_INCLUDE_IN_FRAMEWORK_HEADER = YES;
				CLANG_WARN_RANGE_LOOP_ANALYSIS = YES;
				CLANG_WARN_STRICT_PROTOTYPES = YES;
				CLANG_WARN_SUSPICIOUS_MOVE = YES;
				CLANG_WARN_UNGUARDED_AVAILABILITY = YES_AGGRESSIVE;
				CLANG_WARN_UNREACHABLE_CODE = YES;
				CLANG_WARN__DUPLICATE_METHOD_MATCH = YES;
				COPY_PHASE_STRIP = NO;
				DEBUG_INFORMATION_FORMAT = dwarf;
				ENABLE_STRICT_OBJC_MSGSEND = YES;
				ENABLE_TESTABILITY = YES;
				GCC_C_LANGUAGE_STANDARD = gnu11;
				GCC_DYNAMIC_NO_PIC = NO;
				GCC_NO_COMMON_BLOCKS = YES;
				GCC_OPTIMIZATION_LEVEL = 0;
				GCC_PREPROCESSOR_DEFINITIONS = (
					"DEBUG=1",
					"$(inherited)",
				);
				GCC_WARN_64_TO_32_BIT_CONVERSION = YES;
				GCC_WARN_ABOUT_RETURN_TYPE = YES_ERROR;
				GCC_WARN_UNDECLARED_SELECTOR = YES;
				GCC_WARN_UNINITIALIZED_AUTOS = YES_AGGRESSIVE;
				GCC_WARN_UNUSED_FUNCTION = YES;
				GCC_WARN_UNUSED_VARIABLE = YES;
				MACOSX_DEPLOYMENT_TARGET = 12.3;
				MTL_ENABLE_DEBUG_INFO = INCLUDE_SOURCE;
				MTL_FAST_MATH = YES;
				ONLY_ACTIVE_ARCH = YES;
				SDKROOT = macosx;
			};
			name = Debug;
		};
		80009D542834E4A600140399 /* Release */ = {
			isa = XCBuildConfiguration;
			buildSettings = {
				ALWAYS_SEARCH_USER_PATHS = NO;
				CLANG_ANALYZER_NONNULL = YES;
				CLANG_ANALYZER_NUMBER_OBJECT_CONVERSION = YES_AGGRESSIVE;
				CLANG_CXX_LANGUAGE_STANDARD = "gnu++17";
				CLANG_ENABLE_MODULES = YES;
				CLANG_ENABLE_OBJC_ARC = YES;
				CLANG_ENABLE_OBJC_WEAK = YES;
				CLANG_WARN_BLOCK_CAPTURE_AUTORELEASING = YES;
				CLANG_WARN_BOOL_CONVERSION = YES;
				CLANG_WARN_COMMA = YES;
				CLANG_WARN_CONSTANT_CONVERSION = YES;
				CLANG_WARN_DEPRECATED_OBJC_IMPLEMENTATIONS = YES;
				CLANG_WARN_DIRECT_OBJC_ISA_USAGE = YES_ERROR;
				CLANG_WARN_DOCUMENTATION_COMMENTS = YES;
				CLANG_WARN_EMPTY_BODY = YES;
				CLANG_WARN_ENUM_CONVERSION = YES;
				CLANG_WARN_INFINITE_RECURSION = YES;
				CLANG_WARN_INT_CONVERSION = YES;
				CLANG_WARN_NON_LITERAL_NULL_CONVERSION = YES;
				CLANG_WARN_OBJC_IMPLICIT_RETAIN_SELF = YES;
				CLANG_WARN_OBJC_LITERAL_CONVERSION = YES;
				CLANG_WARN_OBJC_ROOT_CLASS = YES_ERROR;
				CLANG_WARN_QUOTED_INCLUDE_IN_FRAMEWORK_HEADER = YES;
				CLANG_WARN_RANGE_LOOP_ANALYSIS = YES;
				CLANG_WARN_STRICT_PROTOTYPES = YES;
				CLANG_WARN_SUSPICIOUS_MOVE = YES;
				CLANG_WARN_UNGUARDED_AVAILABILITY = YES_AGGRESSIVE;
				CLANG_WARN_UNREACHABLE_CODE = YES;
				CLANG_WARN__DUPLICATE_METHOD_MATCH = YES;
				COPY_PHASE_STRIP = NO;
				DEBUG_INFORMATION_FORMAT = "dwarf-with-dsym";
				ENABLE_NS_ASSERTIONS = NO;
				ENABLE_STRICT_OBJC_MSGSEND = YES;
				GCC_C_LANGUAGE_STANDARD = gnu11;
				GCC_NO_COMMON_BLOCKS = YES;
				GCC_WARN_64_TO_32_BIT_CONVERSION = YES;
				GCC_WARN_ABOUT_RETURN_TYPE = YES_ERROR;
				GCC_WARN_UNDECLARED_SELECTOR = YES;
				GCC_WARN_UNINITIALIZED_AUTOS = YES_AGGRESSIVE;
				GCC_WARN_UNUSED_FUNCTION = YES;
				GCC_WARN_UNUSED_VARIABLE = YES;
				MACOSX_DEPLOYMENT_TARGET = 12.3;
				MTL_ENABLE_DEBUG_INFO = NO;
				MTL_FAST_MATH = YES;
				SDKROOT = macosx;
			};
			name = Release;
		};
		80009D562834E4A600140399 /* Debug */ = {
			isa = XCBuildConfiguration;
			buildSettings = {
				CODE_SIGN_STYLE = Automatic;
				PRODUCT_NAME = "$(TARGET_NAME)";
			};
			name = Debug;
		};
		80009D572834E4A600140399 /* Release */ = {
			isa = XCBuildConfiguration;
			buildSettings = {
				CODE_SIGN_STYLE = Automatic;
				PRODUCT_NAME = "$(TARGET_NAME)";
			};
			name = Release;
		};
/* End XCBuildConfiguration section */

/* Begin XCConfigurationList section */
		80009D492834E4A600140399 /* Build configuration list for PBXProject "cacheBuster" */ = {
			isa = XCConfigurationList;
			buildConfigurations = (
				80009D532834E4A600140399 /* Debug */,
				80009D542834E4A600140399 /* Release */,
			);
			defaultConfigurationIsVisible = 0;
			defaultConfigurationName = Release;
		};
		80009D552834E4A600140399 /* Build configuration list for PBXNativeTarget "cacheBuster" */ = {
			isa = XCConfigurationList;
			buildConfigurations = (
				80009D562834E4A600140399 /* Debug */,
				80009D572834E4A600140399 /* Release */,
			);
			defaultConfigurationIsVisible = 0;
			defaultConfigurationName = Release;
		};
/* End XCConfigurationList section */
	};
	rootObject = 80009D462834E4A600140399 /* Project object */;
}
